
Microsoft Visual Studio Solution File, Format Version 12.00
# Visual Studio Version 17
VisualStudioVersion = 17.2.32526.322
MinimumVisualStudioVersion = 10.0.40219.1
Project("{FAE04EC0-301F-11D3-BF4B-00C04F79EFBC}") = "AdoNet", "AdoNet.csproj", "{25046912-7F99-4625-B558-A23D197A3B5D}"
EndProject
Project("{FAE04EC0-301F-11D3-BF4B-00C04F79EFBC}") = "AdoNet2", "..\AdoNet2\AdoNet2.csproj", "{855967B1-E9D8-4B99-BBE6-67ADA2AE8D8B}"
EndProject
Global
	GlobalSection(SolutionConfigurationPlatforms) = preSolution
		Debug|Any CPU = Debug|Any CPU
		Release|Any CPU = Release|Any CPU
	EndGlobalSection
	GlobalSection(ProjectConfigurationPlatforms) = postSolution
		{25046912-7F99-4625-B558-A23D197A3B5D}.Debug|Any CPU.ActiveCfg = Debug|Any CPU
		{25046912-7F99-4625-B558-A23D197A3B5D}.Debug|Any CPU.Build.0 = Debug|Any CPU
		{25046912-7F99-4625-B558-A23D197A3B5D}.Release|Any CPU.ActiveCfg = Release|Any CPU
		{25046912-7F99-4625-B558-A23D197A3B5D}.Release|Any CPU.Build.0 = Release|Any CPU
		{855967B1-E9D8-4B99-BBE6-67ADA2AE8D8B}.Debug|Any CPU.ActiveCfg = Debug|Any CPU
		{855967B1-E9D8-4B99-BBE6-67ADA2AE8D8B}.Debug|Any CPU.Build.0 = Debug|Any CPU
		{855967B1-E9D8-4B99-BBE6-67ADA2AE8D8B}.Release|Any CPU.ActiveCfg = Release|Any CPU
		{855967B1-E9D8-4B99-BBE6-67ADA2AE8D8B}.Release|Any CPU.Build.0 = Release|Any CPU
	EndGlobalSection
	GlobalSection(SolutionProperties) = preSolution
		HideSolutionNode = FALSE
	EndGlobalSection
	GlobalSection(ExtensibilityGlobals) = postSolution
		SolutionGuid = {E0E10024-43D1-4D79-9231-C5EBC1235A53}
	EndGlobalSection
EndGlobal
